<?xml version="1.0" encoding="utf-8"?>
<Project ToolsVersion="4.0" xmlns="http://schemas.microsoft.com/developer/msbuild/2003">
  <ItemGroup>
    <Filter Include="Source Files">
      <UniqueIdentifier>{4FC737F1-C7A5-4376-A066-2A32D752A2FF}</UniqueIdentifier>
      <Extensions>cpp;c;cc;cxx;def;odl;idl;hpj;bat;asm;asmx</Extensions>
    </Filter>
    <Filter Include="Header Files">
      <UniqueIdentifier>{93995380-89BD-4b04-88EB-625FBE52EBFB}</UniqueIdentifier>
      <Extensions>h;hh;hpp;hxx;hm;inl;inc;xsd</Extensions>
    </Filter>
    <Filter Include="Resource Files">
      <UniqueIdentifier>{67DA6AB6-F800-4c08-8B7A-83BB121AAD01}</UniqueIdentifier>
      <Extensions>rc;ico;cur;bmp;dlg;rc2;rct;bin;rgs;gif;jpg;jpeg;jpe;resx;tiff;tif;png;wav;mfcribbon-ms</Extensions>
    </Filter>
  </ItemGroup>
  <ItemGroup>
    <ClInclude Include="include\ComFuncs.h">
      <Filter>Header Files</Filter>
    </ClInclude>
    <ClInclude Include="include\Commons.h">
      <Filter>Header Files</Filter>
    </ClInclude>
    <ClInclude Include="include\ConsoleOut.h">
      <Filter>Header Files</Filter>
    </ClInclude>
    <ClInclude Include="include\FIleChangeObserver.h">
      <Filter>Header Files</Filter>
    </ClInclude>
    <ClInclude Include="include\FileUtils.h">
      <Filter>Header Files</Filter>
    </ClInclude>
    <ClInclude Include="include\Matrix3f.h">
      <Filter>Header Files</Filter>
    </ClInclude>
    <ClInclude Include="include\Matrix4f.h">
      <Filter>Header Files</Filter>
    </ClInclude>
    <ClInclude Include="include\MemUtils.h">
      <Filter>Header Files</Filter>
    </ClInclude>
    <ClInclude Include="include\ShArray.h">
      <Filter>Header Files</Filter>
    </ClInclude>
    <ClInclude Include="include\ShAssert.h">
      <Filter>Header Files</Filter>
    </ClInclude>
    <ClInclude Include="include\ShBitset.h">
      <Filter>Header Files</Filter>
    </ClInclude>
    <ClInclude Include="include\ShIterator.h">
      <Filter>Header Files</Filter>
    </ClInclude>
    <ClInclude Include="include\ShList.h">
      <Filter>Header Files</Filter>
    </ClInclude>
    <ClInclude Include="include\ShMath.h">
      <Filter>Header Files</Filter>
    </ClInclude>
    <ClInclude Include="include\ShMultiMap.h">
      <Filter>Header Files</Filter>
    </ClInclude>
    <ClInclude Include="include\ShQueue.h">
      <Filter>Header Files</Filter>
    </ClInclude>
    <ClInclude Include="include\ShSArray.h">
      <Filter>Header Files</Filter>
    </ClInclude>
    <ClInclude Include="include\ShString.h">
      <Filter>Header Files</Filter>
    </ClInclude>
    <ClInclude Include="include\ShTypes.h">
      <Filter>Header Files</Filter>
    </ClInclude>
    <ClInclude Include="include\StringUtils.h">
      <Filter>Header Files</Filter>
    </ClInclude>
    <ClInclude Include="include\Vec2.h">
      <Filter>Header Files</Filter>
    </ClInclude>
    <ClInclude Include="include\Vec3.h">
      <Filter>Header Files</Filter>
    </ClInclude>
    <ClInclude Include="include\Vec4.h">
      <Filter>Header Files</Filter>
    </ClInclude>
    <ClInclude Include="include\ShObject.h">
      <Filter>Header Files</Filter>
    </ClInclude>
    <ClInclude Include="include\ColorVec.h">
      <Filter>Header Files</Filter>
    </ClInclude>
    <ClInclude Include="include\ShHashMap.h">
      <Filter>Header Files</Filter>
    </ClInclude>
    <ClInclude Include="include\ShStack.h">
      <Filter>Header Files</Filter>
    </ClInclude>
    <ClInclude Include="include\ShBiSearchTree.h">
      <Filter>Header Files</Filter>
    </ClInclude>
  </ItemGroup>
  <ItemGroup>
    <ClCompile Include="src\Containers\ShString.cpp">
      <Filter>Source Files</Filter>
    </ClCompile>
    <ClCompile Include="src\DebugUtils\ConsoleOut.cpp">
      <Filter>Source Files</Filter>
    </ClCompile>
    <ClCompile Include="src\DebugUtils\ShAssert.cpp">
      <Filter>Source Files</Filter>
    </ClCompile>
    <ClCompile Include="src\FileSystem\FileChangeObserver.cpp">
      <Filter>Source Files</Filter>
    </ClCompile>
    <ClCompile Include="src\FileSystem\FileUtils.cpp">
      <Filter>Source Files</Filter>
    </ClCompile>
    <ClCompile Include="src\Math\Matrix3f.cpp">
      <Filter>Source Files</Filter>
    </ClCompile>
    <ClCompile Include="src\Math\Matrix4f.cpp">
      <Filter>Source Files</Filter>
    </ClCompile>
    <ClCompile Include="src\Math\ShMath.cpp">
      <Filter>Source Files</Filter>
    </ClCompile>
    <ClCompile Include="src\Math\Vec2.cpp">
      <Filter>Source Files</Filter>
    </ClCompile>
    <ClCompile Include="src\Math\Vec4.cpp">
      <Filter>Source Files</Filter>
    </ClCompile>
    <ClCompile Include="src\MemUtils\MemUtils.cpp">
      <Filter>Source Files</Filter>
    </ClCompile>
    <ClCompile Include="src\StringUtils\StringUtils.cpp">
      <Filter>Source Files</Filter>
    </ClCompile>
    <ClCompile Include="src\Utils\ComFuncs.cpp">
      <Filter>Source Files</Filter>
    </ClCompile>
    <ClCompile Include="src\Commons.cpp">
      <Filter>Source Files</Filter>
    </ClCompile>
    <ClCompile Include="src\Utils\ColorVec.cpp">
      <Filter>Source Files</Filter>
    </ClCompile>
  </ItemGroup>
</Project>