
Microsoft Visual Studio Solution File, Format Version 12.00
# Visual Studio 14
VisualStudioVersion = 14.0.25420.1
MinimumVisualStudioVersion = 10.0.40219.1
Project("{911E67C6-3D85-4FCE-B560-20A9C3E3FF48}") = "shady-core", "shady-core.exe", "{4597CD9C-769C-4AF1-996C-242FDF6F02E9}"
	ProjectSection(DebuggerProjectSystem) = preProject
		PortSupplier = 00000000-0000-0000-0000-000000000000
		Executable = S:\shady-core\sh_debug\shady-core.exe
		RemoteMachine = DESKTOP-2TP1QGK
		StartingDirectory = S:\shady-core\sh_debug
		Environment = Default
		LaunchingEngine = 00000000-0000-0000-0000-000000000000
		UseLegacyDebugEngines = No
		LaunchSQLEngine = No
		AttachLaunchAction = No
	EndProjectSection
EndProject
Project("{2150E333-8FDC-42A3-9474-1A3956D46DE8}") = "Solution Items", "Solution Items", "{A64F7CF9-EE5E-4478-A62C-3AC378BE22B4}"
	ProjectSection(SolutionItems) = preProject
..\src\Utils\Win32Window.cpp = ..\src\Utils\Win32Window.cpp
..\src\Utils\Win32Gl.cpp = ..\src\Utils\Win32Gl.cpp
..\src\Utils\TimerManager.cpp = ..\src\Utils\TimerManager.cpp
..\src\Utils\Timer.cpp = ..\src\Utils\Timer.cpp
..\src\Utils\ShClock.cpp = ..\src\Utils\ShClock.cpp
..\src\Utils\ShadyApp.cpp = ..\src\Utils\ShadyApp.cpp
..\src\Utils\ModelLoader.cpp = ..\src\Utils\ModelLoader.cpp
..\src\Utils\CPUInstructionSet.cpp = ..\src\Utils\CPUInstructionSet.cpp
..\src\shady-core.cpp = ..\src\shady-core.cpp
..\src\Main.cpp = ..\src\Main.cpp
..\src\Input\ShMouse.cpp = ..\src\Input\ShMouse.cpp
..\src\Input\ShKeyboard.cpp = ..\src\Input\ShKeyboard.cpp
..\src\Input\InputManager.cpp = ..\src\Input\InputManager.cpp
..\src\Graphics\Texture.cpp = ..\src\Graphics\Texture.cpp
..\src\Graphics\Text2D.cpp = ..\src\Graphics\Text2D.cpp
..\src\Graphics\Sprite.cpp = ..\src\Graphics\Sprite.cpp
..\src\Graphics\ShFont.cpp = ..\src\Graphics\ShFont.cpp
..\src\Graphics\Shader.cpp = ..\src\Graphics\Shader.cpp
..\src\Graphics\Renderer3D.cpp = ..\src\Graphics\Renderer3D.cpp
..\src\Graphics\Renderer2D.cpp = ..\src\Graphics\Renderer2D.cpp
..\src\Graphics\Primitives\Rectangle.cpp = ..\src\Graphics\Primitives\Rectangle.cpp
..\src\Graphics\Primitives\Line2D.cpp = ..\src\Graphics\Primitives\Line2D.cpp
..\src\Graphics\Primitives\Cube.cpp = ..\src\Graphics\Primitives\Cube.cpp
..\src\Graphics\Mesh.cpp = ..\src\Graphics\Mesh.cpp
..\src\Graphics\Graphics.cpp = ..\src\Graphics\Graphics.cpp
..\src\Graphics\Glyph.cpp = ..\src\Graphics\Glyph.cpp
..\src\Graphics\Camera3D.cpp = ..\src\Graphics\Camera3D.cpp
..\src\Graphics\Camera2D.cpp = ..\src\Graphics\Camera2D.cpp
..\include\Window.h = ..\include\Window.h
..\include\Win32Window.h = ..\include\Win32Window.h
..\include\Vertex.h = ..\include\Vertex.h
..\include\TimerManager.h = ..\include\TimerManager.h
..\include\Timer.h = ..\include\Timer.h
..\include\Texture.h = ..\include\Texture.h
..\include\Text2D.h = ..\include\Text2D.h
..\include\Sprite.h = ..\include\Sprite.h
..\include\ShObject.h = ..\include\ShObject.h
..\include\ShMouse.h = ..\include\ShMouse.h
..\include\ShKeyboard.h = ..\include\ShKeyboard.h
..\include\ShFont.h = ..\include\ShFont.h
..\include\ShClock.h = ..\include\ShClock.h
..\include\ShadyGL.h = ..\include\ShadyGL.h
..\include\ShadyApp.h = ..\include\ShadyApp.h
..\include\Shader.h = ..\include\Shader.h
..\include\Renderer3D.h = ..\include\Renderer3D.h
..\include\Renderer2D.h = ..\include\Renderer2D.h
..\include\Renderable3D.h = ..\include\Renderable3D.h
..\include\Renderable2D.h = ..\include\Renderable2D.h
..\include\Rectangle.h = ..\include\Rectangle.h
..\include\ModelLoader.h = ..\include\ModelLoader.h
..\include\Mesh.h = ..\include\Mesh.h
..\include\Line2D.h = ..\include\Line2D.h
..\include\InputManager.h = ..\include\InputManager.h
..\include\InputKey.h = ..\include\InputKey.h
..\include\Graphics.h = ..\include\Graphics.h
..\include\GlyphData.h = ..\include\GlyphData.h
..\include\Glyph.h = ..\include\Glyph.h
..\include\Cube.h = ..\include\Cube.h
..\include\CPUInstructionSet.h = ..\include\CPUInstructionSet.h
..\include\Camera3D.h = ..\include\Camera3D.h
..\include\Camera2D.h = ..\include\Camera2D.h
..\include\Bitmap.h = ..\include\Bitmap.h
..\..\shady-commons\src\Utils\ComFuncs.cpp = ..\..\shady-commons\src\Utils\ComFuncs.cpp
..\..\shady-commons\src\StringUtils\StringUtils.cpp = ..\..\shady-commons\src\StringUtils\StringUtils.cpp
..\..\shady-commons\src\shady-commons.cpp = ..\..\shady-commons\src\shady-commons.cpp
..\..\shady-commons\src\MemUtils\MemUtils.cpp = ..\..\shady-commons\src\MemUtils\MemUtils.cpp
..\..\shady-commons\src\Math\Vec4.cpp = ..\..\shady-commons\src\Math\Vec4.cpp
..\..\shady-commons\src\Math\Vec2.cpp = ..\..\shady-commons\src\Math\Vec2.cpp
..\..\shady-commons\src\Math\ShMath.cpp = ..\..\shady-commons\src\Math\ShMath.cpp
..\..\shady-commons\src\Math\Matrix4f.cpp = ..\..\shady-commons\src\Math\Matrix4f.cpp
..\..\shady-commons\src\Math\Matrix3f.cpp = ..\..\shady-commons\src\Math\Matrix3f.cpp
..\..\shady-commons\src\FileUtils\FileUtils.cpp = ..\..\shady-commons\src\FileUtils\FileUtils.cpp
..\..\shady-commons\src\FileUtils\FileChangeObserver.cpp = ..\..\shady-commons\src\FileUtils\FileChangeObserver.cpp
..\..\shady-commons\src\DebugUtils\ShAssert.cpp = ..\..\shady-commons\src\DebugUtils\ShAssert.cpp
..\..\shady-commons\src\DebugUtils\ConsoleOut.cpp = ..\..\shady-commons\src\DebugUtils\ConsoleOut.cpp
..\..\shady-commons\src\Containers\ShString.cpp = ..\..\shady-commons\src\Containers\ShString.cpp
..\..\shady-commons\src\Commons.cpp = ..\..\shady-commons\src\Commons.cpp
..\..\shady-commons\include\Vec4.h = ..\..\shady-commons\include\Vec4.h
..\..\shady-commons\include\Vec3.h = ..\..\shady-commons\include\Vec3.h
..\..\shady-commons\include\Vec2.h = ..\..\shady-commons\include\Vec2.h
..\..\shady-commons\include\StringUtils.h = ..\..\shady-commons\include\StringUtils.h
..\..\shady-commons\include\ShTypes.h = ..\..\shady-commons\include\ShTypes.h
..\..\shady-commons\include\ShString.h = ..\..\shady-commons\include\ShString.h
..\..\shady-commons\include\ShSArray.h = ..\..\shady-commons\include\ShSArray.h
..\..\shady-commons\include\ShQueue.h = ..\..\shady-commons\include\ShQueue.h
..\..\shady-commons\include\ShMultiMap.h = ..\..\shady-commons\include\ShMultiMap.h
..\..\shady-commons\include\ShMath.h = ..\..\shady-commons\include\ShMath.h
..\..\shady-commons\include\ShList.h = ..\..\shady-commons\include\ShList.h
..\..\shady-commons\include\ShIterator.h = ..\..\shady-commons\include\ShIterator.h
..\..\shady-commons\include\ShBitset.h = ..\..\shady-commons\include\ShBitset.h
..\..\shady-commons\include\ShBiTree.h = ..\..\shady-commons\include\ShBiTree.h
..\..\shady-commons\include\ShAssert.h = ..\..\shady-commons\include\ShAssert.h
..\..\shady-commons\include\ShArray.h = ..\..\shady-commons\include\ShArray.h
..\..\shady-commons\include\MemUtils.h = ..\..\shady-commons\include\MemUtils.h
..\..\shady-commons\include\Matrix4f.h = ..\..\shady-commons\include\Matrix4f.h
..\..\shady-commons\include\Matrix3f.h = ..\..\shady-commons\include\Matrix3f.h
..\..\shady-commons\include\FileUtils.h = ..\..\shady-commons\include\FileUtils.h
..\..\shady-commons\include\FIleChangeObserver.h = ..\..\shady-commons\include\FIleChangeObserver.h
..\..\shady-commons\include\ConsoleOut.h = ..\..\shady-commons\include\ConsoleOut.h
..\..\shady-commons\include\Commons.h = ..\..\shady-commons\include\Commons.h
..\..\shady-commons\include\ComFuncs.h = ..\..\shady-commons\include\ComFuncs.h
EndProjectSection
EndProject
Global
	GlobalSection(SolutionConfigurationPlatforms) = preSolution
		Release|x86 = Release|x86
	EndGlobalSection
	GlobalSection(ProjectConfigurationPlatforms) = postSolution
		{4597CD9C-769C-4AF1-996C-242FDF6F02E9}.Release|x86.ActiveCfg = Release|x86
	EndGlobalSection
	GlobalSection(SolutionProperties) = preSolution
		HideSolutionNode = FALSE
	EndGlobalSection
EndGlobal
Solution
		HideSolutionNode = FALSE
	EndGlobalSection
EndGlobal
:\Program Files (x86)\MySQL\Connector.NET 6.9\Assemblies\v4.5WND=0x00060400es\compiler\lib\mic